
Microsoft Visual Studio Solution File, Format Version 12.00
# Visual Studio 2012
VisualStudioVersion = 14.0.23107.0
MinimumVisualStudioVersion = 10.0.40219.1
Project("{D954291E-2A0B-460D-934E-DC6B0785DB48}") = "Calc", "Calc\Calc\Calc.shproj", "{EF4605FF-1582-4BA6-B4E9-4BFC94297796}"
EndProject
Project("{FAE04EC0-301F-11D3-BF4B-00C04F79EFBC}") = "Calc.WinPhone", "Calc\Calc.WinPhone\Calc.WinPhone.csproj", "{1E9EFEA6-C52F-49D7-88EB-E08FF68278DA}"
EndProject
Project("{FAE04EC0-301F-11D3-BF4B-00C04F79EFBC}") = "Calc.iOS", "Calc\Calc.iOS\Calc.iOS.csproj", "{5D1751D4-3A16-4999-B041-4DE6E3494633}"
EndProject
Project("{FAE04EC0-301F-11D3-BF4B-00C04F79EFBC}") = "Calc.Droid", "Calc\Calc.Droid\Calc.Droid.csproj", "{2ECCCD24-D526-40EE-A6BE-DADB6CF5D66D}"
EndProject
Global
	GlobalSection(SolutionConfigurationPlatforms) = preSolution
		Ad-Hoc|Any CPU = Ad-Hoc|Any CPU
		Ad-Hoc|ARM = Ad-Hoc|ARM
		Ad-Hoc|iPhone = Ad-Hoc|iPhone
		Ad-Hoc|iPhoneSimulator = Ad-Hoc|iPhoneSimulator
		Ad-Hoc|x86 = Ad-Hoc|x86
		AppStore|Any CPU = AppStore|Any CPU
		AppStore|ARM = AppStore|ARM
		AppStore|iPhone = AppStore|iPhone
		AppStore|iPhoneSimulator = AppStore|iPhoneSimulator
		AppStore|x86 = AppStore|x86
		Debug|Any CPU = Debug|Any CPU
		Debug|ARM = Debug|ARM
		Debug|iPhone = Debug|iPhone
		Debug|iPhoneSimulator = Debug|iPhoneSimulator
		Debug|x86 = Debug|x86
		Release|Any CPU = Release|Any CPU
		Release|ARM = Release|ARM
		Release|iPhone = Release|iPhone
		Release|iPhoneSimulator = Release|iPhoneSimulator
		Release|x86 = Release|x86
	EndGlobalSection
	GlobalSection(ProjectConfigurationPlatforms) = postSolution
		{1E9EFEA6-C52F-49D7-88EB-E08FF68278DA}.Ad-Hoc|Any CPU.ActiveCfg = Release|Any CPU
		{1E9EFEA6-C52F-49D7-88EB-E08FF68278DA}.Ad-Hoc|Any CPU.Build.0 = Release|Any CPU
		{1E9EFEA6-C52F-49D7-88EB-E08FF68278DA}.Ad-Hoc|Any CPU.Deploy.0 = Release|Any CPU
		{1E9EFEA6-C52F-49D7-88EB-E08FF68278DA}.Ad-Hoc|ARM.ActiveCfg = Release|ARM
		{1E9EFEA6-C52F-49D7-88EB-E08FF68278DA}.Ad-Hoc|ARM.Build.0 = Release|ARM
		{1E9EFEA6-C52F-49D7-88EB-E08FF68278DA}.Ad-Hoc|ARM.Deploy.0 = Release|ARM
		{1E9EFEA6-C52F-49D7-88EB-E08FF68278DA}.Ad-Hoc|iPhone.ActiveCfg = Release|Any CPU
		{1E9EFEA6-C52F-49D7-88EB-E08FF68278DA}.Ad-Hoc|iPhone.Build.0 = Release|Any CPU
		{1E9EFEA6-C52F-49D7-88EB-E08FF68278DA}.Ad-Hoc|iPhone.Deploy.0 = Release|Any CPU
		{1E9EFEA6-C52F-49D7-88EB-E08FF68278DA}.Ad-Hoc|iPhoneSimulator.ActiveCfg = Release|Any CPU
		{1E9EFEA6-C52F-49D7-88EB-E08FF68278DA}.Ad-Hoc|iPhoneSimulator.Build.0 = Release|Any CPU
		{1E9EFEA6-C52F-49D7-88EB-E08FF68278DA}.Ad-Hoc|iPhoneSimulator.Deploy.0 = Release|Any CPU
		{1E9EFEA6-C52F-49D7-88EB-E08FF68278DA}.Ad-Hoc|x86.ActiveCfg = Release|x86
		{1E9EFEA6-C52F-49D7-88EB-E08FF68278DA}.Ad-Hoc|x86.Build.0 = Release|x86
		{1E9EFEA6-C52F-49D7-88EB-E08FF68278DA}.Ad-Hoc|x86.Deploy.0 = Release|x86
		{1E9EFEA6-C52F-49D7-88EB-E08FF68278DA}.AppStore|Any CPU.ActiveCfg = Release|Any CPU
		{1E9EFEA6-C52F-49D7-88EB-E08FF68278DA}.AppStore|Any CPU.Build.0 = Release|Any CPU
		{1E9EFEA6-C52F-49D7-88EB-E08FF68278DA}.AppStore|Any CPU.Deploy.0 = Release|Any CPU
		{1E9EFEA6-C52F-49D7-88EB-E08FF68278DA}.AppStore|ARM.ActiveCfg = Release|ARM
		{1E9EFEA6-C52F-49D7-88EB-E08FF68278DA}.AppStore|ARM.Build.0 = Release|ARM
		{1E9EFEA6-C52F-49D7-88EB-E08FF68278DA}.AppStore|ARM.Deploy.0 = Release|ARM
		{1E9EFEA6-C52F-49D7-88EB-E08FF68278DA}.AppStore|iPhone.ActiveCfg = Release|Any CPU
		{1E9EFEA6-C52F-49D7-88EB-E08FF68278DA}.AppStore|iPhone.Build.0 = Release|Any CPU
		{1E9EFEA6-C52F-49D7-88EB-E08FF68278DA}.AppStore|iPhone.Deploy.0 = Release|Any CPU
		{1E9EFEA6-C52F-49D7-88EB-E08FF68278DA}.AppStore|iPhoneSimulator.ActiveCfg = Release|Any CPU
		{1E9EFEA6-C52F-49D7-88EB-E08FF68278DA}.AppStore|iPhoneSimulator.Build.0 = Release|Any CPU
		{1E9EFEA6-C52F-49D7-88EB-E08FF68278DA}.AppStore|iPhoneSimulator.Deploy.0 = Release|Any CPU
		{1E9EFEA6-C52F-49D7-88EB-E08FF68278DA}.AppStore|x86.ActiveCfg = Release|x86
		{1E9EFEA6-C52F-49D7-88EB-E08FF68278DA}.AppStore|x86.Build.0 = Release|x86
		{1E9EFEA6-C52F-49D7-88EB-E08FF68278DA}.AppStore|x86.Deploy.0 = Release|x86
		{1E9EFEA6-C52F-49D7-88EB-E08FF68278DA}.Debug|Any CPU.ActiveCfg = Debug|Any CPU
		{1E9EFEA6-C52F-49D7-88EB-E08FF68278DA}.Debug|Any CPU.Build.0 = Debug|Any CPU
		{1E9EFEA6-C52F-49D7-88EB-E08FF68278DA}.Debug|Any CPU.Deploy.0 = Debug|Any CPU
		{1E9EFEA6-C52F-49D7-88EB-E08FF68278DA}.Debug|ARM.ActiveCfg = Debug|ARM
		{1E9EFEA6-C52F-49D7-88EB-E08FF68278DA}.Debug|ARM.Build.0 = Debug|ARM
		{1E9EFEA6-C52F-49D7-88EB-E08FF68278DA}.Debug|ARM.Deploy.0 = Debug|ARM
		{1E9EFEA6-C52F-49D7-88EB-E08FF68278DA}.Debug|iPhone.ActiveCfg = Debug|Any CPU
		{1E9EFEA6-C52F-49D7-88EB-E08FF68278DA}.Debug|iPhone.Build.0 = Debug|Any CPU
		{1E9EFEA6-C52F-49D7-88EB-E08FF68278DA}.Debug|iPhone.Deploy.0 = Debug|Any CPU
		{1E9EFEA6-C52F-49D7-88EB-E08FF68278DA}.Debug|iPhoneSimulator.ActiveCfg = Debug|Any CPU
		{1E9EFEA6-C52F-49D7-88EB-E08FF68278DA}.Debug|iPhoneSimulator.Build.0 = Debug|Any CPU
		{1E9EFEA6-C52F-49D7-88EB-E08FF68278DA}.Debug|iPhoneSimulator.Deploy.0 = Debug|Any CPU
		{1E9EFEA6-C52F-49D7-88EB-E08FF68278DA}.Debug|x86.ActiveCfg = Debug|x86
		{1E9EFEA6-C52F-49D7-88EB-E08FF68278DA}.Debug|x86.Build.0 = Debug|x86
		{1E9EFEA6-C52F-49D7-88EB-E08FF68278DA}.Debug|x86.Deploy.0 = Debug|x86
		{1E9EFEA6-C52F-49D7-88EB-E08FF68278DA}.Release|Any CPU.ActiveCfg = Release|Any CPU
		{1E9EFEA6-C52F-49D7-88EB-E08FF68278DA}.Release|Any CPU.Build.0 = Release|Any CPU
		{1E9EFEA6-C52F-49D7-88EB-E08FF68278DA}.Release|Any CPU.Deploy.0 = Release|Any CPU
		{1E9EFEA6-C52F-49D7-88EB-E08FF68278DA}.Release|ARM.ActiveCfg = Release|ARM
		{1E9EFEA6-C52F-49D7-88EB-E08FF68278DA}.Release|ARM.Build.0 = Release|ARM
		{1E9EFEA6-C52F-49D7-88EB-E08FF68278DA}.Release|ARM.Deploy.0 = Release|ARM
		{1E9EFEA6-C52F-49D7-88EB-E08FF68278DA}.Release|iPhone.ActiveCfg = Release|Any CPU
		{1E9EFEA6-C52F-49D7-88EB-E08FF68278DA}.Release|iPhone.Build.0 = Release|Any CPU
		{1E9EFEA6-C52F-49D7-88EB-E08FF68278DA}.Release|iPhone.Deploy.0 = Release|Any CPU
		{1E9EFEA6-C52F-49D7-88EB-E08FF68278DA}.Release|iPhoneSimulator.ActiveCfg = Release|Any CPU
		{1E9EFEA6-C52F-49D7-88EB-E08FF68278DA}.Release|iPhoneSimulator.Build.0 = Release|Any CPU
		{1E9EFEA6-C52F-49D7-88EB-E08FF68278DA}.Release|iPhoneSimulator.Deploy.0 = Release|Any CPU
		{1E9EFEA6-C52F-49D7-88EB-E08FF68278DA}.Release|x86.ActiveCfg = Release|x86
		{1E9EFEA6-C52F-49D7-88EB-E08FF68278DA}.Release|x86.Build.0 = Release|x86
		{1E9EFEA6-C52F-49D7-88EB-E08FF68278DA}.Release|x86.Deploy.0 = Release|x86
		{2ECCCD24-D526-40EE-A6BE-DADB6CF5D66D}.Ad-Hoc|Any CPU.ActiveCfg = Release|Any CPU
		{2ECCCD24-D526-40EE-A6BE-DADB6CF5D66D}.Ad-Hoc|Any CPU.Build.0 = Release|Any CPU
		{2ECCCD24-D526-40EE-A6BE-DADB6CF5D66D}.Ad-Hoc|Any CPU.Deploy.0 = Release|Any CPU
		{2ECCCD24-D526-40EE-A6BE-DADB6CF5D66D}.Ad-Hoc|ARM.ActiveCfg = Release|Any CPU
		{2ECCCD24-D526-40EE-A6BE-DADB6CF5D66D}.Ad-Hoc|ARM.Build.0 = Release|Any CPU
		{2ECCCD24-D526-40EE-A6BE-DADB6CF5D66D}.Ad-Hoc|ARM.Deploy.0 = Release|Any CPU
		{2ECCCD24-D526-40EE-A6BE-DADB6CF5D66D}.Ad-Hoc|iPhone.ActiveCfg = Release|Any CPU
		{2ECCCD24-D526-40EE-A6BE-DADB6CF5D66D}.Ad-Hoc|iPhone.Build.0 = Release|Any CPU
		{2ECCCD24-D526-40EE-A6BE-DADB6CF5D66D}.Ad-Hoc|iPhone.Deploy.0 = Release|Any CPU
		{2ECCCD24-D526-40EE-A6BE-DADB6CF5D66D}.Ad-Hoc|iPhoneSimulator.ActiveCfg = Release|Any CPU
		{2ECCCD24-D526-40EE-A6BE-DADB6CF5D66D}.Ad-Hoc|iPhoneSimulator.Build.0 = Release|Any CPU
		{2ECCCD24-D526-40EE-A6BE-DADB6CF5D66D}.Ad-Hoc|iPhoneSimulator.Deploy.0 = Release|Any CPU
		{2ECCCD24-D526-40EE-A6BE-DADB6CF5D66D}.Ad-Hoc|x86.ActiveCfg = Release|Any CPU
		{2ECCCD24-D526-40EE-A6BE-DADB6CF5D66D}.Ad-Hoc|x86.Build.0 = Release|Any CPU
		{2ECCCD24-D526-40EE-A6BE-DADB6CF5D66D}.Ad-Hoc|x86.Deploy.0 = Release|Any CPU
		{2ECCCD24-D526-40EE-A6BE-DADB6CF5D66D}.AppStore|Any CPU.ActiveCfg = Release|Any CPU
		{2ECCCD24-D526-40EE-A6BE-DADB6CF5D66D}.AppStore|Any CPU.Build.0 = Release|Any CPU
		{2ECCCD24-D526-40EE-A6BE-DADB6CF5D66D}.AppStore|Any CPU.Deploy.0 = Release|Any CPU
		{2ECCCD24-D526-40EE-A6BE-DADB6CF5D66D}.AppStore|ARM.ActiveCfg = Release|Any CPU
		{2ECCCD24-D526-40EE-A6BE-DADB6CF5D66D}.AppStore|ARM.Build.0 = Release|Any CPU
		{2ECCCD24-D526-40EE-A6BE-DADB6CF5D66D}.AppStore|ARM.Deploy.0 = Release|Any CPU
		{2ECCCD24-D526-40EE-A6BE-DADB6CF5D66D}.AppStore|iPhone.ActiveCfg = Release|Any CPU
		{2ECCCD24-D526-40EE-A6BE-DADB6CF5D66D}.AppStore|iPhone.Build.0 = Release|Any CPU
		{2ECCCD24-D526-40EE-A6BE-DADB6CF5D66D}.AppStore|iPhone.Deploy.0 = Release|Any CPU
		{2ECCCD24-D526-40EE-A6BE-DADB6CF5D66D}.AppStore|iPhoneSimulator.ActiveCfg = Release|Any CPU
		{2ECCCD24-D526-40EE-A6BE-DADB6CF5D66D}.AppStore|iPhoneSimulator.Build.0 = Release|Any CPU
		{2ECCCD24-D526-40EE-A6BE-DADB6CF5D66D}.AppStore|iPhoneSimulator.Deploy.0 = Release|Any CPU
		{2ECCCD24-D526-40EE-A6BE-DADB6CF5D66D}.AppStore|x86.ActiveCfg = Release|Any CPU
		{2ECCCD24-D526-40EE-A6BE-DADB6CF5D66D}.AppStore|x86.Build.0 = Release|Any CPU
		{2ECCCD24-D526-40EE-A6BE-DADB6CF5D66D}.AppStore|x86.Deploy.0 = Release|Any CPU
		{2ECCCD24-D526-40EE-A6BE-DADB6CF5D66D}.Debug|Any CPU.ActiveCfg = Debug|Any CPU
		{2ECCCD24-D526-40EE-A6BE-DADB6CF5D66D}.Debug|Any CPU.Build.0 = Debug|Any CPU
		{2ECCCD24-D526-40EE-A6BE-DADB6CF5D66D}.Debug|Any CPU.Deploy.0 = Debug|Any CPU
		{2ECCCD24-D526-40EE-A6BE-DADB6CF5D66D}.Debug|ARM.ActiveCfg = Debug|Any CPU
		{2ECCCD24-D526-40EE-A6BE-DADB6CF5D66D}.Debug|ARM.Build.0 = Debug|Any CPU
		{2ECCCD24-D526-40EE-A6BE-DADB6CF5D66D}.Debug|ARM.Deploy.0 = Debug|Any CPU
		{2ECCCD24-D526-40EE-A6BE-DADB6CF5D66D}.Debug|iPhone.ActiveCfg = Debug|Any CPU
		{2ECCCD24-D526-40EE-A6BE-DADB6CF5D66D}.Debug|iPhone.Build.0 = Debug|Any CPU
		{2ECCCD24-D526-40EE-A6BE-DADB6CF5D66D}.Debug|iPhone.Deploy.0 = Debug|Any CPU
		{2ECCCD24-D526-40EE-A6BE-DADB6CF5D66D}.Debug|iPhoneSimulator.ActiveCfg = Debug|Any CPU
		{2ECCCD24-D526-40EE-A6BE-DADB6CF5D66D}.Debug|iPhoneSimulator.Build.0 = Debug|Any CPU
		{2ECCCD24-D526-40EE-A6BE-DADB6CF5D66D}.Debug|iPhoneSimulator.Deploy.0 = Debug|Any CPU
		{2ECCCD24-D526-40EE-A6BE-DADB6CF5D66D}.Debug|x86.ActiveCfg = Debug|Any CPU
		{2ECCCD24-D526-40EE-A6BE-DADB6CF5D66D}.Debug|x86.Build.0 = Debug|Any CPU
		{2ECCCD24-D526-40EE-A6BE-DADB6CF5D66D}.Debug|x86.Deploy.0 = Debug|Any CPU
		{2ECCCD24-D526-40EE-A6BE-DADB6CF5D66D}.Release|Any CPU.ActiveCfg = Release|Any CPU
		{2ECCCD24-D526-40EE-A6BE-DADB6CF5D66D}.Release|Any CPU.Build.0 = Release|Any CPU
		{2ECCCD24-D526-40EE-A6BE-DADB6CF5D66D}.Release|Any CPU.Deploy.0 = Release|Any CPU
		{2ECCCD24-D526-40EE-A6BE-DADB6CF5D66D}.Release|ARM.ActiveCfg = Release|Any CPU
		{2ECCCD24-D526-40EE-A6BE-DADB6CF5D66D}.Release|ARM.Build.0 = Release|Any CPU
		{2ECCCD24-D526-40EE-A6BE-DADB6CF5D66D}.Release|ARM.Deploy.0 = Release|Any CPU
		{2ECCCD24-D526-40EE-A6BE-DADB6CF5D66D}.Release|iPhone.ActiveCfg = Release|Any CPU
		{2ECCCD24-D526-40EE-A6BE-DADB6CF5D66D}.Release|iPhone.Build.0 = Release|Any CPU
		{2ECCCD24-D526-40EE-A6BE-DADB6CF5D66D}.Release|iPhone.Deploy.0 = Release|Any CPU
		{2ECCCD24-D526-40EE-A6BE-DADB6CF5D66D}.Release|iPhoneSimulator.ActiveCfg = Release|Any CPU
		{2ECCCD24-D526-40EE-A6BE-DADB6CF5D66D}.Release|iPhoneSimulator.Build.0 = Release|Any CPU
		{2ECCCD24-D526-40EE-A6BE-DADB6CF5D66D}.Release|iPhoneSimulator.Deploy.0 = Release|Any CPU
		{2ECCCD24-D526-40EE-A6BE-DADB6CF5D66D}.Release|x86.ActiveCfg = Release|Any CPU
		{2ECCCD24-D526-40EE-A6BE-DADB6CF5D66D}.Release|x86.Build.0 = Release|Any CPU
		{2ECCCD24-D526-40EE-A6BE-DADB6CF5D66D}.Release|x86.Deploy.0 = Release|Any CPU
		{5D1751D4-3A16-4999-B041-4DE6E3494633}.Ad-Hoc|Any CPU.ActiveCfg = Ad-Hoc|iPhone
		{5D1751D4-3A16-4999-B041-4DE6E3494633}.Ad-Hoc|ARM.ActiveCfg = Ad-Hoc|iPhone
		{5D1751D4-3A16-4999-B041-4DE6E3494633}.Ad-Hoc|iPhone.ActiveCfg = Ad-Hoc|iPhone
		{5D1751D4-3A16-4999-B041-4DE6E3494633}.Ad-Hoc|iPhone.Build.0 = Ad-Hoc|iPhone
		{5D1751D4-3A16-4999-B041-4DE6E3494633}.Ad-Hoc|iPhoneSimulator.ActiveCfg = Ad-Hoc|iPhoneSimulator
		{5D1751D4-3A16-4999-B041-4DE6E3494633}.Ad-Hoc|iPhoneSimulator.Build.0 = Ad-Hoc|iPhoneSimulator
		{5D1751D4-3A16-4999-B041-4DE6E3494633}.Ad-Hoc|x86.ActiveCfg = Ad-Hoc|iPhone
		{5D1751D4-3A16-4999-B041-4DE6E3494633}.AppStore|Any CPU.ActiveCfg = AppStore|iPhone
		{5D1751D4-3A16-4999-B041-4DE6E3494633}.AppStore|ARM.ActiveCfg = AppStore|iPhone
		{5D1751D4-3A16-4999-B041-4DE6E3494633}.AppStore|iPhone.ActiveCfg = AppStore|iPhone
		{5D1751D4-3A16-4999-B041-4DE6E3494633}.AppStore|iPhone.Build.0 = AppStore|iPhone
		{5D1751D4-3A16-4999-B041-4DE6E3494633}.AppStore|iPhoneSimulator.ActiveCfg = AppStore|iPhoneSimulator
		{5D1751D4-3A16-4999-B041-4DE6E3494633}.AppStore|iPhoneSimulator.Build.0 = AppStore|iPhoneSimulator
		{5D1751D4-3A16-4999-B041-4DE6E3494633}.AppStore|x86.ActiveCfg = AppStore|iPhone
		{5D1751D4-3A16-4999-B041-4DE6E3494633}.Debug|Any CPU.ActiveCfg = Debug|iPhone
		{5D1751D4-3A16-4999-B041-4DE6E3494633}.Debug|ARM.ActiveCfg = Debug|iPhone
		{5D1751D4-3A16-4999-B041-4DE6E3494633}.Debug|iPhone.ActiveCfg = Debug|iPhone
		{5D1751D4-3A16-4999-B041-4DE6E3494633}.Debug|iPhone.Build.0 = Debug|iPhone
		{5D1751D4-3A16-4999-B041-4DE6E3494633}.Debug|iPhoneSimulator.ActiveCfg = Debug|iPhoneSimulator
		{5D1751D4-3A16-4999-B041-4DE6E3494633}.Debug|iPhoneSimulator.Build.0 = Debug|iPhoneSimulator
		{5D1751D4-3A16-4999-B041-4DE6E3494633}.Debug|x86.ActiveCfg = Debug|iPhone
		{5D1751D4-3A16-4999-B041-4DE6E3494633}.Release|Any CPU.ActiveCfg = Release|iPhone
		{5D1751D4-3A16-4999-B041-4DE6E3494633}.Release|ARM.ActiveCfg = Release|iPhone
		{5D1751D4-3A16-4999-B041-4DE6E3494633}.Release|iPhone.ActiveCfg = Release|iPhone
		{5D1751D4-3A16-4999-B041-4DE6E3494633}.Release|iPhone.Build.0 = Release|iPhone
		{5D1751D4-3A16-4999-B041-4DE6E3494633}.Release|iPhoneSimulator.ActiveCfg = Release|iPhoneSimulator
		{5D1751D4-3A16-4999-B041-4DE6E3494633}.Release|iPhoneSimulator.Build.0 = Release|iPhoneSimulator
		{5D1751D4-3A16-4999-B041-4DE6E3494633}.Release|x86.ActiveCfg = Release|iPhone
	EndGlobalSection
	GlobalSection(SharedMSBuildProjectFiles) = preSolution
		Calc\Calc\Calc.projitems*{ef4605ff-1582-4ba6-b4e9-4bfc94297796}*SharedItemsImports = 13
		Calc\Calc\Calc.projitems*{2ecccd24-d526-40ee-a6be-dadb6cf5d66d}*SharedItemsImports = 4
		Calc\Calc\Calc.projitems*{5d1751d4-3a16-4999-b041-4de6e3494633}*SharedItemsImports = 4
		Calc\Calc\Calc.projitems*{1e9efea6-c52f-49d7-88eb-e08ff68278da}*SharedItemsImports = 4
	EndGlobalSection
	GlobalSection(SolutionProperties) = preSolution
		HideSolutionNode = FALSE
	EndGlobalSection
EndGlobal
